
Microsoft Visual Studio Solution File, Format Version 12.00
# Visual Studio Version 16
VisualStudioVersion = 16.0.32407.337
MinimumVisualStudioVersion = 10.0.40219.1
Project("{8BC9CEB8-8B4A-11D0-8D11-00A0C91BC942}") = "dfs专项训练1", "dfs专项训练1\dfs专项训练1.vcxproj", "{2385484B-7953-4CF5-B619-98EC5493A6C6}"
EndProject
Project("{8BC9CEB8-8B4A-11D0-8D11-00A0C91BC942}") = "舞会", "舞会\舞会.vcxproj", "{7E9E7E10-835C-4478-A9E6-10FF193FA00A}"
EndProject
Global
	GlobalSection(SolutionConfigurationPlatforms) = preSolution
		Debug|x64 = Debug|x64
		Debug|x86 = Debug|x86
		Release|x64 = Release|x64
		Release|x86 = Release|x86
	EndGlobalSection
	GlobalSection(ProjectConfigurationPlatforms) = postSolution
		{2385484B-7953-4CF5-B619-98EC5493A6C6}.Debug|x64.ActiveCfg = Debug|x64
		{2385484B-7953-4CF5-B619-98EC5493A6C6}.Debug|x64.Build.0 = Debug|x64
		{2385484B-7953-4CF5-B619-98EC5493A6C6}.Debug|x86.ActiveCfg = Debug|Win32
		{2385484B-7953-4CF5-B619-98EC5493A6C6}.Debug|x86.Build.0 = Debug|Win32
		{2385484B-7953-4CF5-B619-98EC5493A6C6}.Release|x64.ActiveCfg = Release|x64
		{2385484B-7953-4CF5-B619-98EC5493A6C6}.Release|x64.Build.0 = Release|x64
		{2385484B-7953-4CF5-B619-98EC5493A6C6}.Release|x86.ActiveCfg = Release|Win32
		{2385484B-7953-4CF5-B619-98EC5493A6C6}.Release|x86.Build.0 = Release|Win32
		{7E9E7E10-835C-4478-A9E6-10FF193FA00A}.Debug|x64.ActiveCfg = Debug|x64
		{7E9E7E10-835C-4478-A9E6-10FF193FA00A}.Debug|x64.Build.0 = Debug|x64
		{7E9E7E10-835C-4478-A9E6-10FF193FA00A}.Debug|x86.ActiveCfg = Debug|Win32
		{7E9E7E10-835C-4478-A9E6-10FF193FA00A}.Debug|x86.Build.0 = Debug|Win32
		{7E9E7E10-835C-4478-A9E6-10FF193FA00A}.Release|x64.ActiveCfg = Release|x64
		{7E9E7E10-835C-4478-A9E6-10FF193FA00A}.Release|x64.Build.0 = Release|x64
		{7E9E7E10-835C-4478-A9E6-10FF193FA00A}.Release|x86.ActiveCfg = Release|Win32
		{7E9E7E10-835C-4478-A9E6-10FF193FA00A}.Release|x86.Build.0 = Release|Win32
	EndGlobalSection
	GlobalSection(SolutionProperties) = preSolution
		HideSolutionNode = FALSE
	EndGlobalSection
	GlobalSection(ExtensibilityGlobals) = postSolution
		SolutionGuid = {55BAAD56-FDE9-4DB5-8FE2-98F7071897C5}
	EndGlobalSection
EndGlobal
